
Microsoft Visual Studio Solution File, Format Version 12.00
# Visual Studio Version 17
VisualStudioVersion = 17.1.31911.260
MinimumVisualStudioVersion = 10.0.40219.1
Project("{8BC9CEB8-8B4A-11D0-8D11-00A0C91BC942}") = "Insanity_Engine_Math", "Projects\Insanity_Engine_Math\Insanity_Engine_Math.vcxproj", "{83DDFCD4-19D0-4022-99F0-0009F8F706D7}"
EndProject
Project("{8BC9CEB8-8B4A-11D0-8D11-00A0C91BC942}") = "INSANITY_MATH_TEST", "Projects\INSANITY_MATH_TEST\INSANITY_MATH_TEST.vcxproj", "{9A3EBBBB-F12D-465B-A703-B9B219959DF8}"
EndProject
Project("{8BC9CEB8-8B4A-11D0-8D11-00A0C91BC942}") = "Insanity_Engine_Application", "Projects\Insanity_Engine_Application\Insanity_Engine_Application.vcxproj", "{B744ACE8-4C04-433A-8FC4-EA7AE03C7ED0}"
EndProject
Project("{8BC9CEB8-8B4A-11D0-8D11-00A0C91BC942}") = "DirectXTex", "Projects\DirectXTex-master\DirectXTex\DirectXTex_Desktop_2022_Win10.vcxproj", "{371B9FA9-4C90-4AC6-A123-ACED756D6C77}"
EndProject
Project("{8BC9CEB8-8B4A-11D0-8D11-00A0C91BC942}") = "SDL2", "Projects\SDL2-2.0.16\Project\SDL2.vcxproj", "{97701317-01E3-3C9B-ABA8-553D0F3E4EAA}"
EndProject
Global
	GlobalSection(SolutionConfigurationPlatforms) = preSolution
		Debug|ARM64 = Debug|ARM64
		Debug|Win32 = Debug|Win32
		Debug|x64 = Debug|x64
		MinSizeRel|ARM64 = MinSizeRel|ARM64
		MinSizeRel|Win32 = MinSizeRel|Win32
		MinSizeRel|x64 = MinSizeRel|x64
		Profile|ARM64 = Profile|ARM64
		Profile|Win32 = Profile|Win32
		Profile|x64 = Profile|x64
		Release|ARM64 = Release|ARM64
		Release|Win32 = Release|Win32
		Release|x64 = Release|x64
		RelWithDebInfo|ARM64 = RelWithDebInfo|ARM64
		RelWithDebInfo|Win32 = RelWithDebInfo|Win32
		RelWithDebInfo|x64 = RelWithDebInfo|x64
	EndGlobalSection
	GlobalSection(ProjectConfigurationPlatforms) = postSolution
		{83DDFCD4-19D0-4022-99F0-0009F8F706D7}.Debug|ARM64.ActiveCfg = Debug|x64
		{83DDFCD4-19D0-4022-99F0-0009F8F706D7}.Debug|Win32.ActiveCfg = Debug|x64
		{83DDFCD4-19D0-4022-99F0-0009F8F706D7}.Debug|Win32.Build.0 = Debug|x64
		{83DDFCD4-19D0-4022-99F0-0009F8F706D7}.Debug|x64.ActiveCfg = Debug|x64
		{83DDFCD4-19D0-4022-99F0-0009F8F706D7}.Debug|x64.Build.0 = Debug|x64
		{83DDFCD4-19D0-4022-99F0-0009F8F706D7}.MinSizeRel|ARM64.ActiveCfg = Release|x64
		{83DDFCD4-19D0-4022-99F0-0009F8F706D7}.MinSizeRel|ARM64.Build.0 = Release|x64
		{83DDFCD4-19D0-4022-99F0-0009F8F706D7}.MinSizeRel|Win32.ActiveCfg = Release|x64
		{83DDFCD4-19D0-4022-99F0-0009F8F706D7}.MinSizeRel|Win32.Build.0 = Release|x64
		{83DDFCD4-19D0-4022-99F0-0009F8F706D7}.MinSizeRel|x64.ActiveCfg = Release|x64
		{83DDFCD4-19D0-4022-99F0-0009F8F706D7}.MinSizeRel|x64.Build.0 = Release|x64
		{83DDFCD4-19D0-4022-99F0-0009F8F706D7}.Profile|ARM64.ActiveCfg = Release|x64
		{83DDFCD4-19D0-4022-99F0-0009F8F706D7}.Profile|ARM64.Build.0 = Release|x64
		{83DDFCD4-19D0-4022-99F0-0009F8F706D7}.Profile|Win32.ActiveCfg = Release|x64
		{83DDFCD4-19D0-4022-99F0-0009F8F706D7}.Profile|Win32.Build.0 = Release|x64
		{83DDFCD4-19D0-4022-99F0-0009F8F706D7}.Profile|x64.ActiveCfg = Release|x64
		{83DDFCD4-19D0-4022-99F0-0009F8F706D7}.Profile|x64.Build.0 = Release|x64
		{83DDFCD4-19D0-4022-99F0-0009F8F706D7}.Release|ARM64.ActiveCfg = Release|x64
		{83DDFCD4-19D0-4022-99F0-0009F8F706D7}.Release|Win32.ActiveCfg = Release|x64
		{83DDFCD4-19D0-4022-99F0-0009F8F706D7}.Release|Win32.Build.0 = Release|x64
		{83DDFCD4-19D0-4022-99F0-0009F8F706D7}.Release|x64.ActiveCfg = Release|x64
		{83DDFCD4-19D0-4022-99F0-0009F8F706D7}.Release|x64.Build.0 = Release|x64
		{83DDFCD4-19D0-4022-99F0-0009F8F706D7}.RelWithDebInfo|ARM64.ActiveCfg = Release|x64
		{83DDFCD4-19D0-4022-99F0-0009F8F706D7}.RelWithDebInfo|ARM64.Build.0 = Release|x64
		{83DDFCD4-19D0-4022-99F0-0009F8F706D7}.RelWithDebInfo|Win32.ActiveCfg = Release|x64
		{83DDFCD4-19D0-4022-99F0-0009F8F706D7}.RelWithDebInfo|Win32.Build.0 = Release|x64
		{83DDFCD4-19D0-4022-99F0-0009F8F706D7}.RelWithDebInfo|x64.ActiveCfg = Release|x64
		{83DDFCD4-19D0-4022-99F0-0009F8F706D7}.RelWithDebInfo|x64.Build.0 = Release|x64
		{9A3EBBBB-F12D-465B-A703-B9B219959DF8}.Debug|ARM64.ActiveCfg = Debug|x64
		{9A3EBBBB-F12D-465B-A703-B9B219959DF8}.Debug|Win32.ActiveCfg = Debug|x64
		{9A3EBBBB-F12D-465B-A703-B9B219959DF8}.Debug|Win32.Build.0 = Debug|x64
		{9A3EBBBB-F12D-465B-A703-B9B219959DF8}.Debug|x64.ActiveCfg = Debug|x64
		{9A3EBBBB-F12D-465B-A703-B9B219959DF8}.Debug|x64.Build.0 = Debug|x64
		{9A3EBBBB-F12D-465B-A703-B9B219959DF8}.MinSizeRel|ARM64.ActiveCfg = Release|x64
		{9A3EBBBB-F12D-465B-A703-B9B219959DF8}.MinSizeRel|ARM64.Build.0 = Release|x64
		{9A3EBBBB-F12D-465B-A703-B9B219959DF8}.MinSizeRel|Win32.ActiveCfg = Release|x64
		{9A3EBBBB-F12D-465B-A703-B9B219959DF8}.MinSizeRel|Win32.Build.0 = Release|x64
		{9A3EBBBB-F12D-465B-A703-B9B219959DF8}.MinSizeRel|x64.ActiveCfg = Release|x64
		{9A3EBBBB-F12D-465B-A703-B9B219959DF8}.MinSizeRel|x64.Build.0 = Release|x64
		{9A3EBBBB-F12D-465B-A703-B9B219959DF8}.Profile|ARM64.ActiveCfg = Release|x64
		{9A3EBBBB-F12D-465B-A703-B9B219959DF8}.Profile|ARM64.Build.0 = Release|x64
		{9A3EBBBB-F12D-465B-A703-B9B219959DF8}.Profile|Win32.ActiveCfg = Release|x64
		{9A3EBBBB-F12D-465B-A703-B9B219959DF8}.Profile|Win32.Build.0 = Release|x64
		{9A3EBBBB-F12D-465B-A703-B9B219959DF8}.Profile|x64.ActiveCfg = Release|x64
		{9A3EBBBB-F12D-465B-A703-B9B219959DF8}.Profile|x64.Build.0 = Release|x64
		{9A3EBBBB-F12D-465B-A703-B9B219959DF8}.Release|ARM64.ActiveCfg = Release|x64
		{9A3EBBBB-F12D-465B-A703-B9B219959DF8}.Release|Win32.ActiveCfg = Release|x64
		{9A3EBBBB-F12D-465B-A703-B9B219959DF8}.Release|Win32.Build.0 = Release|x64
		{9A3EBBBB-F12D-465B-A703-B9B219959DF8}.Release|x64.ActiveCfg = Release|x64
		{9A3EBBBB-F12D-465B-A703-B9B219959DF8}.Release|x64.Build.0 = Release|x64
		{9A3EBBBB-F12D-465B-A703-B9B219959DF8}.RelWithDebInfo|ARM64.ActiveCfg = Release|x64
		{9A3EBBBB-F12D-465B-A703-B9B219959DF8}.RelWithDebInfo|ARM64.Build.0 = Release|x64
		{9A3EBBBB-F12D-465B-A703-B9B219959DF8}.RelWithDebInfo|Win32.ActiveCfg = Release|x64
		{9A3EBBBB-F12D-465B-A703-B9B219959DF8}.RelWithDebInfo|Win32.Build.0 = Release|x64
		{9A3EBBBB-F12D-465B-A703-B9B219959DF8}.RelWithDebInfo|x64.ActiveCfg = Release|x64
		{9A3EBBBB-F12D-465B-A703-B9B219959DF8}.RelWithDebInfo|x64.Build.0 = Release|x64
		{B744ACE8-4C04-433A-8FC4-EA7AE03C7ED0}.Debug|ARM64.ActiveCfg = Debug|x64
		{B744ACE8-4C04-433A-8FC4-EA7AE03C7ED0}.Debug|Win32.ActiveCfg = Debug|x64
		{B744ACE8-4C04-433A-8FC4-EA7AE03C7ED0}.Debug|Win32.Build.0 = Debug|x64
		{B744ACE8-4C04-433A-8FC4-EA7AE03C7ED0}.Debug|x64.ActiveCfg = Debug|x64
		{B744ACE8-4C04-433A-8FC4-EA7AE03C7ED0}.Debug|x64.Build.0 = Debug|x64
		{B744ACE8-4C04-433A-8FC4-EA7AE03C7ED0}.MinSizeRel|ARM64.ActiveCfg = Release|x64
		{B744ACE8-4C04-433A-8FC4-EA7AE03C7ED0}.MinSizeRel|ARM64.Build.0 = Release|x64
		{B744ACE8-4C04-433A-8FC4-EA7AE03C7ED0}.MinSizeRel|Win32.ActiveCfg = Release|x64
		{B744ACE8-4C04-433A-8FC4-EA7AE03C7ED0}.MinSizeRel|Win32.Build.0 = Release|x64
		{B744ACE8-4C04-433A-8FC4-EA7AE03C7ED0}.MinSizeRel|x64.ActiveCfg = Debug|x64
		{B744ACE8-4C04-433A-8FC4-EA7AE03C7ED0}.MinSizeRel|x64.Build.0 = Debug|x64
		{B744ACE8-4C04-433A-8FC4-EA7AE03C7ED0}.Profile|ARM64.ActiveCfg = Release|x64
		{B744ACE8-4C04-433A-8FC4-EA7AE03C7ED0}.Profile|ARM64.Build.0 = Release|x64
		{B744ACE8-4C04-433A-8FC4-EA7AE03C7ED0}.Profile|Win32.ActiveCfg = Release|x64
		{B744ACE8-4C04-433A-8FC4-EA7AE03C7ED0}.Profile|Win32.Build.0 = Release|x64
		{B744ACE8-4C04-433A-8FC4-EA7AE03C7ED0}.Profile|x64.ActiveCfg = Release|x64
		{B744ACE8-4C04-433A-8FC4-EA7AE03C7ED0}.Profile|x64.Build.0 = Release|x64
		{B744ACE8-4C04-433A-8FC4-EA7AE03C7ED0}.Release|ARM64.ActiveCfg = Release|x64
		{B744ACE8-4C04-433A-8FC4-EA7AE03C7ED0}.Release|Win32.ActiveCfg = Release|x64
		{B744ACE8-4C04-433A-8FC4-EA7AE03C7ED0}.Release|Win32.Build.0 = Release|x64
		{B744ACE8-4C04-433A-8FC4-EA7AE03C7ED0}.Release|x64.ActiveCfg = Release|x64
		{B744ACE8-4C04-433A-8FC4-EA7AE03C7ED0}.Release|x64.Build.0 = Release|x64
		{B744ACE8-4C04-433A-8FC4-EA7AE03C7ED0}.RelWithDebInfo|ARM64.ActiveCfg = Release|x64
		{B744ACE8-4C04-433A-8FC4-EA7AE03C7ED0}.RelWithDebInfo|ARM64.Build.0 = Release|x64
		{B744ACE8-4C04-433A-8FC4-EA7AE03C7ED0}.RelWithDebInfo|Win32.ActiveCfg = Release|x64
		{B744ACE8-4C04-433A-8FC4-EA7AE03C7ED0}.RelWithDebInfo|Win32.Build.0 = Release|x64
		{B744ACE8-4C04-433A-8FC4-EA7AE03C7ED0}.RelWithDebInfo|x64.ActiveCfg = Release|x64
		{B744ACE8-4C04-433A-8FC4-EA7AE03C7ED0}.RelWithDebInfo|x64.Build.0 = Release|x64
		{371B9FA9-4C90-4AC6-A123-ACED756D6C77}.Debug|ARM64.ActiveCfg = Debug|ARM64
		{371B9FA9-4C90-4AC6-A123-ACED756D6C77}.Debug|ARM64.Build.0 = Debug|ARM64
		{371B9FA9-4C90-4AC6-A123-ACED756D6C77}.Debug|Win32.ActiveCfg = Debug|Win32
		{371B9FA9-4C90-4AC6-A123-ACED756D6C77}.Debug|Win32.Build.0 = Debug|Win32
		{371B9FA9-4C90-4AC6-A123-ACED756D6C77}.Debug|x64.ActiveCfg = Debug|x64
		{371B9FA9-4C90-4AC6-A123-ACED756D6C77}.Debug|x64.Build.0 = Debug|x64
		{371B9FA9-4C90-4AC6-A123-ACED756D6C77}.MinSizeRel|ARM64.ActiveCfg = Profile|ARM64
		{371B9FA9-4C90-4AC6-A123-ACED756D6C77}.MinSizeRel|ARM64.Build.0 = Profile|ARM64
		{371B9FA9-4C90-4AC6-A123-ACED756D6C77}.MinSizeRel|Win32.ActiveCfg = Debug|Win32
		{371B9FA9-4C90-4AC6-A123-ACED756D6C77}.MinSizeRel|Win32.Build.0 = Debug|Win32
		{371B9FA9-4C90-4AC6-A123-ACED756D6C77}.MinSizeRel|x64.ActiveCfg = Profile|x64
		{371B9FA9-4C90-4AC6-A123-ACED756D6C77}.MinSizeRel|x64.Build.0 = Profile|x64
		{371B9FA9-4C90-4AC6-A123-ACED756D6C77}.Profile|ARM64.ActiveCfg = Profile|ARM64
		{371B9FA9-4C90-4AC6-A123-ACED756D6C77}.Profile|ARM64.Build.0 = Profile|ARM64
		{371B9FA9-4C90-4AC6-A123-ACED756D6C77}.Profile|Win32.ActiveCfg = Profile|Win32
		{371B9FA9-4C90-4AC6-A123-ACED756D6C77}.Profile|Win32.Build.0 = Profile|Win32
		{371B9FA9-4C90-4AC6-A123-ACED756D6C77}.Profile|x64.ActiveCfg = Profile|x64
		{371B9FA9-4C90-4AC6-A123-ACED756D6C77}.Profile|x64.Build.0 = Profile|x64
		{371B9FA9-4C90-4AC6-A123-ACED756D6C77}.Release|ARM64.ActiveCfg = Release|ARM64
		{371B9FA9-4C90-4AC6-A123-ACED756D6C77}.Release|ARM64.Build.0 = Release|ARM64
		{371B9FA9-4C90-4AC6-A123-ACED756D6C77}.Release|Win32.ActiveCfg = Release|Win32
		{371B9FA9-4C90-4AC6-A123-ACED756D6C77}.Release|Win32.Build.0 = Release|Win32
		{371B9FA9-4C90-4AC6-A123-ACED756D6C77}.Release|x64.ActiveCfg = Release|x64
		{371B9FA9-4C90-4AC6-A123-ACED756D6C77}.Release|x64.Build.0 = Release|x64
		{371B9FA9-4C90-4AC6-A123-ACED756D6C77}.RelWithDebInfo|ARM64.ActiveCfg = Release|ARM64
		{371B9FA9-4C90-4AC6-A123-ACED756D6C77}.RelWithDebInfo|ARM64.Build.0 = Release|ARM64
		{371B9FA9-4C90-4AC6-A123-ACED756D6C77}.RelWithDebInfo|Win32.ActiveCfg = Release|Win32
		{371B9FA9-4C90-4AC6-A123-ACED756D6C77}.RelWithDebInfo|Win32.Build.0 = Release|Win32
		{371B9FA9-4C90-4AC6-A123-ACED756D6C77}.RelWithDebInfo|x64.ActiveCfg = Release|x64
		{371B9FA9-4C90-4AC6-A123-ACED756D6C77}.RelWithDebInfo|x64.Build.0 = Release|x64
		{97701317-01E3-3C9B-ABA8-553D0F3E4EAA}.Debug|ARM64.ActiveCfg = Debug|x64
		{97701317-01E3-3C9B-ABA8-553D0F3E4EAA}.Debug|Win32.ActiveCfg = Debug|x64
		{97701317-01E3-3C9B-ABA8-553D0F3E4EAA}.Debug|Win32.Build.0 = Debug|x64
		{97701317-01E3-3C9B-ABA8-553D0F3E4EAA}.Debug|x64.ActiveCfg = Debug|x64
		{97701317-01E3-3C9B-ABA8-553D0F3E4EAA}.Debug|x64.Build.0 = Debug|x64
		{97701317-01E3-3C9B-ABA8-553D0F3E4EAA}.MinSizeRel|ARM64.ActiveCfg = MinSizeRel|x64
		{97701317-01E3-3C9B-ABA8-553D0F3E4EAA}.MinSizeRel|Win32.ActiveCfg = MinSizeRel|x64
		{97701317-01E3-3C9B-ABA8-553D0F3E4EAA}.MinSizeRel|Win32.Build.0 = MinSizeRel|x64
		{97701317-01E3-3C9B-ABA8-553D0F3E4EAA}.MinSizeRel|x64.ActiveCfg = MinSizeRel|x64
		{97701317-01E3-3C9B-ABA8-553D0F3E4EAA}.MinSizeRel|x64.Build.0 = MinSizeRel|x64
		{97701317-01E3-3C9B-ABA8-553D0F3E4EAA}.Profile|ARM64.ActiveCfg = RelWithDebInfo|x64
		{97701317-01E3-3C9B-ABA8-553D0F3E4EAA}.Profile|ARM64.Build.0 = RelWithDebInfo|x64
		{97701317-01E3-3C9B-ABA8-553D0F3E4EAA}.Profile|Win32.ActiveCfg = Release|x64
		{97701317-01E3-3C9B-ABA8-553D0F3E4EAA}.Profile|Win32.Build.0 = Release|x64
		{97701317-01E3-3C9B-ABA8-553D0F3E4EAA}.Profile|x64.ActiveCfg = RelWithDebInfo|x64
		{97701317-01E3-3C9B-ABA8-553D0F3E4EAA}.Profile|x64.Build.0 = RelWithDebInfo|x64
		{97701317-01E3-3C9B-ABA8-553D0F3E4EAA}.Release|ARM64.ActiveCfg = Release|x64
		{97701317-01E3-3C9B-ABA8-553D0F3E4EAA}.Release|Win32.ActiveCfg = Release|x64
		{97701317-01E3-3C9B-ABA8-553D0F3E4EAA}.Release|Win32.Build.0 = Release|x64
		{97701317-01E3-3C9B-ABA8-553D0F3E4EAA}.Release|x64.ActiveCfg = Release|x64
		{97701317-01E3-3C9B-ABA8-553D0F3E4EAA}.Release|x64.Build.0 = Release|x64
		{97701317-01E3-3C9B-ABA8-553D0F3E4EAA}.RelWithDebInfo|ARM64.ActiveCfg = RelWithDebInfo|x64
		{97701317-01E3-3C9B-ABA8-553D0F3E4EAA}.RelWithDebInfo|Win32.ActiveCfg = RelWithDebInfo|x64
		{97701317-01E3-3C9B-ABA8-553D0F3E4EAA}.RelWithDebInfo|Win32.Build.0 = RelWithDebInfo|x64
		{97701317-01E3-3C9B-ABA8-553D0F3E4EAA}.RelWithDebInfo|x64.ActiveCfg = RelWithDebInfo|x64
		{97701317-01E3-3C9B-ABA8-553D0F3E4EAA}.RelWithDebInfo|x64.Build.0 = RelWithDebInfo|x64
	EndGlobalSection
	GlobalSection(SolutionProperties) = preSolution
		HideSolutionNode = FALSE
	EndGlobalSection
	GlobalSection(ExtensibilityGlobals) = postSolution
		SolutionGuid = {80187458-9F51-4E64-A70E-2E21E12D6954}
	EndGlobalSection
EndGlobal
